
Microsoft Visual Studio Solution File, Format Version 12.00
# Visual Studio 15
VisualStudioVersion = 15.0.28010.2003
MinimumVisualStudioVersion = 10.0.40219.1
Project("{9A19103F-16F7-4668-BE54-9A1E7A4F7556}") = "PseudoLocalizer.Core", "PseudoLocalizer.Core\PseudoLocalizer.Core.csproj", "{687ED00A-800B-4635-B1AD-26D601A0F65F}"
EndProject
Project("{9A19103F-16F7-4668-BE54-9A1E7A4F7556}") = "PseudoLocalizer.Core.Tests", "PseudoLocalizer.Core.Tests\PseudoLocalizer.Core.Tests.csproj", "{11F7946E-27F5-461E-A42C-B7C998752182}"
EndProject
Project("{9A19103F-16F7-4668-BE54-9A1E7A4F7556}") = "PseudoLocalize", "PseudoLocalize\PseudoLocalize.csproj", "{22116C29-84B1-4FB9-8AE3-BAA4059381A7}"
EndProject
Project("{2150E333-8FDC-42A3-9474-1A3956D46DE8}") = "Solution Items", "Solution Items", "{0A65B559-CD3B-4019-B5BF-E8C6E0137A53}"
	ProjectSection(SolutionItems) = preProject
		.gitattributes = .gitattributes
		.gitignore = .gitignore
		build.ps1 = build.ps1
		build.sh = build.sh
		Directory.Build.props = Directory.Build.props
		global.json = global.json
		README.md = README.md
	EndProjectSection
EndProject
Project("{2150E333-8FDC-42A3-9474-1A3956D46DE8}") = ".azure-pipelines", ".azure-pipelines", "{687AA5AD-F182-49AF-85E2-B2F979FC2398}"
	ProjectSection(SolutionItems) = preProject
		.azure-pipelines\build-template.yml = .azure-pipelines\build-template.yml
		.azure-pipelines\build.yml = .azure-pipelines\build.yml
	EndProjectSection
EndProject
Project("{9A19103F-16F7-4668-BE54-9A1E7A4F7556}") = "PseudoLocalizer.Humanizer", "PseudoLocalizer.Humanizer\PseudoLocalizer.Humanizer.csproj", "{60CEC777-795E-404D-841E-9690970B4811}"
EndProject
Project("{2150E333-8FDC-42A3-9474-1A3956D46DE8}") = "tests", "tests", "{01C57639-A213-4E5F-98CF-BA9E1568CFE0}"
EndProject
Project("{2150E333-8FDC-42A3-9474-1A3956D46DE8}") = "src", "src", "{0ED0DECE-B9E9-4269-B7D9-2BBC5647EE69}"
EndProject
Project("{9A19103F-16F7-4668-BE54-9A1E7A4F7556}") = "PseudoLocalize.Tests", "PseudoLocalize.Tests\PseudoLocalize.Tests.csproj", "{6018A67C-73CE-4D6F-B87C-F92B60064255}"
EndProject
Global
	GlobalSection(SolutionConfigurationPlatforms) = preSolution
		Debug|Any CPU = Debug|Any CPU
		Release|Any CPU = Release|Any CPU
	EndGlobalSection
	GlobalSection(ProjectConfigurationPlatforms) = postSolution
		{687ED00A-800B-4635-B1AD-26D601A0F65F}.Debug|Any CPU.ActiveCfg = Debug|Any CPU
		{687ED00A-800B-4635-B1AD-26D601A0F65F}.Debug|Any CPU.Build.0 = Debug|Any CPU
		{687ED00A-800B-4635-B1AD-26D601A0F65F}.Release|Any CPU.ActiveCfg = Release|Any CPU
		{687ED00A-800B-4635-B1AD-26D601A0F65F}.Release|Any CPU.Build.0 = Release|Any CPU
		{11F7946E-27F5-461E-A42C-B7C998752182}.Debug|Any CPU.ActiveCfg = Debug|Any CPU
		{11F7946E-27F5-461E-A42C-B7C998752182}.Debug|Any CPU.Build.0 = Debug|Any CPU
		{11F7946E-27F5-461E-A42C-B7C998752182}.Release|Any CPU.ActiveCfg = Release|Any CPU
		{11F7946E-27F5-461E-A42C-B7C998752182}.Release|Any CPU.Build.0 = Release|Any CPU
		{22116C29-84B1-4FB9-8AE3-BAA4059381A7}.Debug|Any CPU.ActiveCfg = Debug|Any CPU
		{22116C29-84B1-4FB9-8AE3-BAA4059381A7}.Debug|Any CPU.Build.0 = Debug|Any CPU
		{22116C29-84B1-4FB9-8AE3-BAA4059381A7}.Release|Any CPU.ActiveCfg = Release|Any CPU
		{22116C29-84B1-4FB9-8AE3-BAA4059381A7}.Release|Any CPU.Build.0 = Release|Any CPU
		{60CEC777-795E-404D-841E-9690970B4811}.Debug|Any CPU.ActiveCfg = Debug|Any CPU
		{60CEC777-795E-404D-841E-9690970B4811}.Debug|Any CPU.Build.0 = Debug|Any CPU
		{60CEC777-795E-404D-841E-9690970B4811}.Release|Any CPU.ActiveCfg = Release|Any CPU
		{60CEC777-795E-404D-841E-9690970B4811}.Release|Any CPU.Build.0 = Release|Any CPU
		{6018A67C-73CE-4D6F-B87C-F92B60064255}.Debug|Any CPU.ActiveCfg = Debug|Any CPU
		{6018A67C-73CE-4D6F-B87C-F92B60064255}.Debug|Any CPU.Build.0 = Debug|Any CPU
		{6018A67C-73CE-4D6F-B87C-F92B60064255}.Release|Any CPU.ActiveCfg = Release|Any CPU
		{6018A67C-73CE-4D6F-B87C-F92B60064255}.Release|Any CPU.Build.0 = Release|Any CPU
	EndGlobalSection
	GlobalSection(SolutionProperties) = preSolution
		HideSolutionNode = FALSE
	EndGlobalSection
	GlobalSection(NestedProjects) = preSolution
		{687ED00A-800B-4635-B1AD-26D601A0F65F} = {0ED0DECE-B9E9-4269-B7D9-2BBC5647EE69}
		{11F7946E-27F5-461E-A42C-B7C998752182} = {01C57639-A213-4E5F-98CF-BA9E1568CFE0}
		{22116C29-84B1-4FB9-8AE3-BAA4059381A7} = {0ED0DECE-B9E9-4269-B7D9-2BBC5647EE69}
		{687AA5AD-F182-49AF-85E2-B2F979FC2398} = {0A65B559-CD3B-4019-B5BF-E8C6E0137A53}
		{60CEC777-795E-404D-841E-9690970B4811} = {0ED0DECE-B9E9-4269-B7D9-2BBC5647EE69}
		{6018A67C-73CE-4D6F-B87C-F92B60064255} = {01C57639-A213-4E5F-98CF-BA9E1568CFE0}
	EndGlobalSection
	GlobalSection(ExtensibilityGlobals) = postSolution
		SolutionGuid = {32A7954E-2EF4-484D-BC84-DB58B482FBFC}
	EndGlobalSection
EndGlobal
